// !$*UTF8*$!
{
	archiveVersion = 1;
	classes = {
	};
	objectVersion = 50;
	objects = {

/* Begin PBXBuildFile section */
		8B84CF1F253B423E00317ACA /* AppDelegate.swift in Sources */ = {isa = PBXBuildFile; fileRef = 8B84CF1E253B423E00317ACA /* AppDelegate.swift */; };
		8B84CF21253B423E00317ACA /* SceneDelegate.swift in Sources */ = {isa = PBXBuildFile; fileRef = 8B84CF20253B423E00317ACA /* SceneDelegate.swift */; };
		8B84CF23253B423E00317ACA /* ContentView.swift in Sources */ = {isa = PBXBuildFile; fileRef = 8B84CF22253B423E00317ACA /* ContentView.swift */; };
		8B84CF25253B423F00317ACA /* Assets.xcassets in Resources */ = {isa = PBXBuildFile; fileRef = 8B84CF24253B423F00317ACA /* Assets.xcassets */; };
		8B84CF28253B423F00317ACA /* Preview Assets.xcassets in Resources */ = {isa = PBXBuildFile; fileRef = 8B84CF27253B423F00317ACA /* Preview Assets.xcassets */; };
		8B84CF2B253B423F00317ACA /* LaunchScreen.storyboard in Resources */ = {isa = PBXBuildFile; fileRef = 8B84CF29253B423F00317ACA /* LaunchScreen.storyboard */; };
		8B84CF34253B44A200317ACA /* LongpressGesture.swift in Sources */ = {isa = PBXBuildFile; fileRef = 8B84CF33253B44A200317ACA /* LongpressGesture.swift */; };
/* End PBXBuildFile section */

/* Begin PBXFileReference section */
		8B84CF1B253B423E00317ACA /* UITapGesture.app */ = {isa = PBXFileReference; explicitFileType = wrapper.application; includeInIndex = 0; path = UITapGesture.app; sourceTree = BUILT_PRODUCTS_DIR; };
		8B84CF1E253B423E00317ACA /* AppDelegate.swift */ = {isa = PBXFileReference; lastKnownFileType = sourcecode.swift; path = AppDelegate.swift; sourceTree = "<group>"; };
		8B84CF20253B423E00317ACA /* SceneDelegate.swift */ = {isa = PBXFileReference; lastKnownFileType = sourcecode.swift; path = SceneDelegate.swift; sourceTree = "<group>"; };
		8B84CF22253B423E00317ACA /* ContentView.swift */ = {isa = PBXFileReference; lastKnownFileType = sourcecode.swift; path = ContentView.swift; sourceTree = "<group>"; };
		8B84CF24253B423F00317ACA /* Assets.xcassets */ = {isa = PBXFileReference; lastKnownFileType = folder.assetcatalog; path = Assets.xcassets; sourceTree = "<group>"; };
		8B84CF27253B423F00317ACA /* Preview Assets.xcassets */ = {isa = PBXFileReference; lastKnownFileType = folder.assetcatalog; path = "Preview Assets.xcassets"; sourceTree = "<group>"; };
		8B84CF2A253B423F00317ACA /* Base */ = {isa = PBXFileReference; lastKnownFileType = file.storyboard; name = Base; path = Base.lproj/LaunchScreen.storyboard; sourceTree = "<group>"; };
		8B84CF2C253B423F00317ACA /* Info.plist */ = {isa = PBXFileReference; lastKnownFileType = text.plist.xml; path = Info.plist; sourceTree = "<group>"; };
		8B84CF33253B44A200317ACA /* LongpressGesture.swift */ = {isa = PBXFileReference; lastKnownFileType = sourcecode.swift; path = LongpressGesture.swift; sourceTree = "<group>"; };
/* End PBXFileReference section */

/* Begin PBXFrameworksBuildPhase section */
		8B84CF18253B423E00317ACA /* Frameworks */ = {
			isa = PBXFrameworksBuildPhase;
			buildActionMask = 2147483647;
			files = (
			);
			runOnlyForDeploymentPostprocessing = 0;
		};
/* End PBXFrameworksBuildPhase section */

/* Begin PBXGroup section */
		8B84CF12253B423E00317ACA = {
			isa = PBXGroup;
			children = (
				8B84CF1D253B423E00317ACA /* UITapGesture */,
				8B84CF1C253B423E00317ACA /* Products */,
			);
			sourceTree = "<group>";
		};
		8B84CF1C253B423E00317ACA /* Products */ = {
			isa = PBXGroup;
			children = (
				8B84CF1B253B423E00317ACA /* UITapGesture.app */,
			);
			name = Products;
			sourceTree = "<group>";
		};
		8B84CF1D253B423E00317ACA /* UITapGesture */ = {
			isa = PBXGroup;
			children = (
				8B84CF1E253B423E00317ACA /* AppDelegate.swift */,
				8B84CF20253B423E00317ACA /* SceneDelegate.swift */,
				8B84CF22253B423E00317ACA /* ContentView.swift */,
				8B84CF33253B44A200317ACA /* LongpressGesture.swift */,
				8B84CF24253B423F00317ACA /* Assets.xcassets */,
				8B84CF29253B423F00317ACA /* LaunchScreen.storyboard */,
				8B84CF2C253B423F00317ACA /* Info.plist */,
				8B84CF26253B423F00317ACA /* Preview Content */,
			);
			path = UITapGesture;
			sourceTree = "<group>";
		};
		8B84CF26253B423F00317ACA /* Preview Content */ = {
			isa = PBXGroup;
			children = (
				8B84CF27253B423F00317ACA /* Preview Assets.xcassets */,
			);
			path = "Preview Content";
			sourceTree = "<group>";
		};
/* End PBXGroup section */

/* Begin PBXNativeTarget section */
		8B84CF1A253B423E00317ACA /* UITapGesture */ = {
			isa = PBXNativeTarget;
			buildConfigurationList = 8B84CF2F253B423F00317ACA /* Build configuration list for PBXNativeTarget "UITapGesture" */;
			buildPhases = (
				8B84CF17253B423E00317ACA /* Sources */,
				8B84CF18253B423E00317ACA /* Frameworks */,
				8B84CF19253B423E00317ACA /* Resources */,
			);
			buildRules = (
			);
			dependencies = (
			);
			name = UITapGesture;
			productName = UITapGesture;
			productReference = 8B84CF1B253B423E00317ACA /* UITapGesture.app */;
			productType = "com.apple.product-type.application";
		};
/* End PBXNativeTarget section */

/* Begin PBXProject section */
		8B84CF13253B423E00317ACA /* Project object */ = {
			isa = PBXProject;
			attributes = {
				LastSwiftUpdateCheck = 1200;
				LastUpgradeCheck = 1200;
				TargetAttributes = {
					8B84CF1A253B423E00317ACA = {
						CreatedOnToolsVersion = 12.0.1;
					};
				};
			};
			buildConfigurationList = 8B84CF16253B423E00317ACA /* Build configuration list for PBXProject "UITapGesture" */;
			compatibilityVersion = "Xcode 9.3";
			developmentRegion = en;
			hasScannedForEncodings = 0;
			knownRegions = (
				en,
				Base,
			);
			mainGroup = 8B84CF12253B423E00317ACA;
			productRefGroup = 8B84CF1C253B423E00317ACA /* Products */;
			projectDirPath = "";
			projectRoot = "";
			targets = (
				8B84CF1A253B423E00317ACA /* UITapGesture */,
			);
		};
/* End PBXProject section */

/* Begin PBXResourcesBuildPhase section */
		8B84CF19253B423E00317ACA /* Resources */ = {
			isa = PBXResourcesBuildPhase;
			buildActionMask = 2147483647;
			files = (
				8B84CF2B253B423F00317ACA /* LaunchScreen.storyboard in Resources */,
				8B84CF28253B423F00317ACA /* Preview Assets.xcassets in Resources */,
				8B84CF25253B423F00317ACA /* Assets.xcassets in Resources */,
			);
			runOnlyForDeploymentPostprocessing = 0;
		};
/* End PBXResourcesBuildPhase section */

/* Begin PBXSourcesBuildPhase section */
		8B84CF17253B423E00317ACA /* Sources */ = {
			isa = PBXSourcesBuildPhase;
			buildActionMask = 2147483647;
			files = (
				8B84CF1F253B423E00317ACA /* AppDelegate.swift in Sources */,
				8B84CF34253B44A200317ACA /* LongpressGesture.swift in Sources */,
				8B84CF21253B423E00317ACA /* SceneDelegate.swift in Sources */,
				8B84CF23253B423E00317ACA /* ContentView.swift in Sources */,
			);
			runOnlyForDeploymentPostprocessing = 0;
		};
/* End PBXSourcesBuildPhase section */

/* Begin PBXVariantGroup section */
		8B84CF29253B423F00317ACA /* LaunchScreen.storyboard */ = {
			isa = PBXVariantGroup;
			children = (
				8B84CF2A253B423F00317ACA /* Base */,
			);
			name = LaunchScreen.storyboard;
			sourceTree = "<group>";
		};
/* End PBXVariantGroup section */

/* Begin XCBuildConfiguration section */
		8B84CF2D253B423F00317ACA /* Debug */ = {
			isa = XCBuildConfiguration;
			buildSettings = {
				ALWAYS_SEARCH_USER_PATHS = NO;
				CLANG_ANALYZER_NONNULL = YES;
				CLANG_ANALYZER_NUMBER_OBJECT_CONVERSION = YES_AGGRESSIVE;
				CLANG_CXX_LANGUAGE_STANDARD = "gnu++14";
				CLANG_CXX_LIBRARY = "libc++";
				CLANG_ENABLE_MODULES = YES;
				CLANG_ENABLE_OBJC_ARC = YES;
				CLANG_ENABLE_OBJC_WEAK = YES;
				CLANG_WARN_BLOCK_CAPTURE_AUTORELEASING = YES;
				CLANG_WARN_BOOL_CONVERSION = YES;
				CLANG_WARN_COMMA = YES;
				CLANG_WARN_CONSTANT_CONVERSION = YES;
				CLANG_WARN_DEPRECATED_OBJC_IMPLEMENTATIONS = YES;
				CLANG_WARN_DIRECT_OBJC_ISA_USAGE = YES_ERROR;
				CLANG_WARN_DOCUMENTATION_COMMENTS = YES;
				CLANG_WARN_EMPTY_BODY = YES;
				CLANG_WARN_ENUM_CONVERSION = YES;
				CLANG_WARN_INFINITE_RECURSION = YES;
				CLANG_WARN_INT_CONVERSION = YES;
				CLANG_WARN_NON_LITERAL_NULL_CONVERSION = YES;
				CLANG_WARN_OBJC_IMPLICIT_RETAIN_SELF = YES;
				CLANG_WARN_OBJC_LITERAL_CONVERSION = YES;
				CLANG_WARN_OBJC_ROOT_CLASS = YES_ERROR;
				CLANG_WARN_QUOTED_INCLUDE_IN_FRAMEWORK_HEADER = YES;
				CLANG_WARN_RANGE_LOOP_ANALYSIS = YES;
				CLANG_WARN_STRICT_PROTOTYPES = YES;
				CLANG_WARN_SUSPICIOUS_MOVE = YES;
				CLANG_WARN_UNGUARDED_AVAILABILITY = YES_AGGRESSIVE;
				CLANG_WARN_UNREACHABLE_CODE = YES;
				CLANG_WARN__DUPLICATE_METHOD_MATCH = YES;
				COPY_PHASE_STRIP = NO;
				DEBUG_INFORMATION_FORMAT = dwarf;
				ENABLE_STRICT_OBJC_MSGSEND = YES;
				ENABLE_TESTABILITY = YES;
				GCC_C_LANGUAGE_STANDARD = gnu11;
				GCC_DYNAMIC_NO_PIC = NO;
				GCC_NO_COMMON_BLOCKS = YES;
				GCC_OPTIMIZATION_LEVEL = 0;
				GCC_PREPROCESSOR_DEFINITIONS = (
					"DEBUG=1",
					"$(inherited)",
				);
				GCC_WARN_64_TO_32_BIT_CONVERSION = YES;
				GCC_WARN_ABOUT_RETURN_TYPE = YES_ERROR;
				GCC_WARN_UNDECLARED_SELECTOR = YES;
				GCC_WARN_UNINITIALIZED_AUTOS = YES_AGGRESSIVE;
				GCC_WARN_UNUSED_FUNCTION = YES;
				GCC_WARN_UNUSED_VARIABLE = YES;
				IPHONEOS_DEPLOYMENT_TARGET = 14.0;
				MTL_ENABLE_DEBUG_INFO = INCLUDE_SOURCE;
				MTL_FAST_MATH = YES;
				ONLY_ACTIVE_ARCH = YES;
				SDKROOT = iphoneos;
				SWIFT_ACTIVE_COMPILATION_CONDITIONS = DEBUG;
				SWIFT_OPTIMIZATION_LEVEL = "-Onone";
			};
			name = Debug;
		};
		8B84CF2E253B423F00317ACA /* Release */ = {
			isa = XCBuildConfiguration;
			buildSettings = {
				ALWAYS_SEARCH_USER_PATHS = NO;
				CLANG_ANALYZER_NONNULL = YES;
				CLANG_ANALYZER_NUMBER_OBJECT_CONVERSION = YES_AGGRESSIVE;
				CLANG_CXX_LANGUAGE_STANDARD = "gnu++14";
				CLANG_CXX_LIBRARY = "libc++";
				CLANG_ENABLE_MODULES = YES;
				CLANG_ENABLE_OBJC_ARC = YES;
				CLANG_ENABLE_OBJC_WEAK = YES;
				CLANG_WARN_BLOCK_CAPTURE_AUTORELEASING = YES;
				CLANG_WARN_BOOL_CONVERSION = YES;
				CLANG_WARN_COMMA = YES;
				CLANG_WARN_CONSTANT_CONVERSION = YES;
				CLANG_WARN_DEPRECATED_OBJC_IMPLEMENTATIONS = YES;
				CLANG_WARN_DIRECT_OBJC_ISA_USAGE = YES_ERROR;
				CLANG_WARN_DOCUMENTATION_COMMENTS = YES;
				CLANG_WARN_EMPTY_BODY = YES;
				CLANG_WARN_ENUM_CONVERSION = YES;
				CLANG_WARN_INFINITE_RECURSION = YES;
				CLANG_WARN_INT_CONVERSION = YES;
				CLANG_WARN_NON_LITERAL_NULL_CONVERSION = YES;
				CLANG_WARN_OBJC_IMPLICIT_RETAIN_SELF = YES;
				CLANG_WARN_OBJC_LITERAL_CONVERSION = YES;
				CLANG_WARN_OBJC_ROOT_CLASS = YES_ERROR;
				CLANG_WARN_QUOTED_INCLUDE_IN_FRAMEWORK_HEADER = YES;
				CLANG_WARN_RANGE_LOOP_ANALYSIS = YES;
				CLANG_WARN_STRICT_PROTOTYPES = YES;
				CLANG_WARN_SUSPICIOUS_MOVE = YES;
				CLANG_WARN_UNGUARDED_AVAILABILITY = YES_AGGRESSIVE;
				CLANG_WARN_UNREACHABLE_CODE = YES;
				CLANG_WARN__DUPLICATE_METHOD_MATCH = YES;
				COPY_PHASE_STRIP = NO;
				DEBUG_INFORMATION_FORMAT = "dwarf-with-dsym";
				ENABLE_NS_ASSERTIONS = NO;
				ENABLE_STRICT_OBJC_MSGSEND = YES;
				GCC_C_LANGUAGE_STANDARD = gnu11;
				GCC_NO_COMMON_BLOCKS = YES;
				GCC_WARN_64_TO_32_BIT_CONVERSION = YES;
				GCC_WARN_ABOUT_RETURN_TYPE = YES_ERROR;
				GCC_WARN_UNDECLARED_SELECTOR = YES;
				GCC_WARN_UNINITIALIZED_AUTOS = YES_AGGRESSIVE;
				GCC_WARN_UNUSED_FUNCTION = YES;
				GCC_WARN_UNUSED_VARIABLE = YES;
				IPHONEOS_DEPLOYMENT_TARGET = 14.0;
				MTL_ENABLE_DEBUG_INFO = NO;
				MTL_FAST_MATH = YES;
				SDKROOT = iphoneos;
				SWIFT_COMPILATION_MODE = wholemodule;
				SWIFT_OPTIMIZATION_LEVEL = "-O";
				VALIDATE_PRODUCT = YES;
			};
			name = Release;
		};
		8B84CF30253B423F00317ACA /* Debug */ = {
			isa = XCBuildConfiguration;
			buildSettings = {
				ASSETCATALOG_COMPILER_APPICON_NAME = AppIcon;
				ASSETCATALOG_COMPILER_GLOBAL_ACCENT_COLOR_NAME = AccentColor;
				CODE_SIGN_STYLE = Automatic;
				DEVELOPMENT_ASSET_PATHS = "\"UITapGesture/Preview Content\"";
				DEVELOPMENT_TEAM = CFZD9JCS8M;
				ENABLE_PREVIEWS = YES;
				INFOPLIST_FILE = UITapGesture/Info.plist;
				LD_RUNPATH_SEARCH_PATHS = (
					"$(inherited)",
					"@executable_path/Frameworks",
				);
				PRODUCT_BUNDLE_IDENTIFIER = com.raywenderlich.UITapGesture;
				PRODUCT_NAME = "$(TARGET_NAME)";
				SWIFT_VERSION = 5.0;
				TARGETED_DEVICE_FAMILY = "1,2";
			};
			name = Debug;
		};
		8B84CF31253B423F00317ACA /* Release */ = {
			isa = XCBuildConfiguration;
			buildSettings = {
				ASSETCATALOG_COMPILER_APPICON_NAME = AppIcon;
				ASSETCATALOG_COMPILER_GLOBAL_ACCENT_COLOR_NAME = AccentColor;
				CODE_SIGN_STYLE = Automatic;
				DEVELOPMENT_ASSET_PATHS = "\"UITapGesture/Preview Content\"";
				DEVELOPMENT_TEAM = CFZD9JCS8M;
				ENABLE_PREVIEWS = YES;
				INFOPLIST_FILE = UITapGesture/Info.plist;
				LD_RUNPATH_SEARCH_PATHS = (
					"$(inherited)",
					"@executable_path/Frameworks",
				);
				PRODUCT_BUNDLE_IDENTIFIER = com.raywenderlich.UITapGesture;
				PRODUCT_NAME = "$(TARGET_NAME)";
				SWIFT_VERSION = 5.0;
				TARGETED_DEVICE_FAMILY = "1,2";
			};
			name = Release;
		};
/* End XCBuildConfiguration section */

/* Begin XCConfigurationList section */
		8B84CF16253B423E00317ACA /* Build configuration list for PBXProject "UITapGesture" */ = {
			isa = XCConfigurationList;
			buildConfigurations = (
				8B84CF2D253B423F00317ACA /* Debug */,
				8B84CF2E253B423F00317ACA /* Release */,
			);
			defaultConfigurationIsVisible = 0;
			defaultConfigurationName = Release;
		};
		8B84CF2F253B423F00317ACA /* Build configuration list for PBXNativeTarget "UITapGesture" */ = {
			isa = XCConfigurationList;
			buildConfigurations = (
				8B84CF30253B423F00317ACA /* Debug */,
				8B84CF31253B423F00317ACA /* Release */,
			);
			defaultConfigurationIsVisible = 0;
			defaultConfigurationName = Release;
		};
/* End XCConfigurationList section */
	};
	rootObject = 8B84CF13253B423E00317ACA /* Project object */;
}
