// !$*UTF8*$!
{
	archiveVersion = 1;
	classes = {
	};
	objectVersion = 50;
	objects = {

/* Begin PBXBuildFile section */
		8B23B3C425597AD800EEA4B1 /* AppDelegate.swift in Sources */ = {isa = PBXBuildFile; fileRef = 8B23B3C325597AD800EEA4B1 /* AppDelegate.swift */; };
		8B23B3C625597AD800EEA4B1 /* SceneDelegate.swift in Sources */ = {isa = PBXBuildFile; fileRef = 8B23B3C525597AD800EEA4B1 /* SceneDelegate.swift */; };
		8B23B3C825597AD800EEA4B1 /* ContentView.swift in Sources */ = {isa = PBXBuildFile; fileRef = 8B23B3C725597AD800EEA4B1 /* ContentView.swift */; };
		8B23B3CA25597AD900EEA4B1 /* Assets.xcassets in Resources */ = {isa = PBXBuildFile; fileRef = 8B23B3C925597AD900EEA4B1 /* Assets.xcassets */; };
		8B23B3CD25597AD900EEA4B1 /* Preview Assets.xcassets in Resources */ = {isa = PBXBuildFile; fileRef = 8B23B3CC25597AD900EEA4B1 /* Preview Assets.xcassets */; };
		8B23B3D025597AD900EEA4B1 /* LaunchScreen.storyboard in Resources */ = {isa = PBXBuildFile; fileRef = 8B23B3CE25597AD900EEA4B1 /* LaunchScreen.storyboard */; };
		8B23B3E225597F5D00EEA4B1 /* Home.swift in Sources */ = {isa = PBXBuildFile; fileRef = 8B23B3E125597F5D00EEA4B1 /* Home.swift */; };
/* End PBXBuildFile section */

/* Begin PBXFileReference section */
		8B23B3C025597AD800EEA4B1 /* ComplexCurve.app */ = {isa = PBXFileReference; explicitFileType = wrapper.application; includeInIndex = 0; path = ComplexCurve.app; sourceTree = BUILT_PRODUCTS_DIR; };
		8B23B3C325597AD800EEA4B1 /* AppDelegate.swift */ = {isa = PBXFileReference; lastKnownFileType = sourcecode.swift; path = AppDelegate.swift; sourceTree = "<group>"; };
		8B23B3C525597AD800EEA4B1 /* SceneDelegate.swift */ = {isa = PBXFileReference; lastKnownFileType = sourcecode.swift; path = SceneDelegate.swift; sourceTree = "<group>"; };
		8B23B3C725597AD800EEA4B1 /* ContentView.swift */ = {isa = PBXFileReference; lastKnownFileType = sourcecode.swift; path = ContentView.swift; sourceTree = "<group>"; };
		8B23B3C925597AD900EEA4B1 /* Assets.xcassets */ = {isa = PBXFileReference; lastKnownFileType = folder.assetcatalog; path = Assets.xcassets; sourceTree = "<group>"; };
		8B23B3CC25597AD900EEA4B1 /* Preview Assets.xcassets */ = {isa = PBXFileReference; lastKnownFileType = folder.assetcatalog; path = "Preview Assets.xcassets"; sourceTree = "<group>"; };
		8B23B3CF25597AD900EEA4B1 /* Base */ = {isa = PBXFileReference; lastKnownFileType = file.storyboard; name = Base; path = Base.lproj/LaunchScreen.storyboard; sourceTree = "<group>"; };
		8B23B3D125597AD900EEA4B1 /* Info.plist */ = {isa = PBXFileReference; lastKnownFileType = text.plist.xml; path = Info.plist; sourceTree = "<group>"; };
		8B23B3E125597F5D00EEA4B1 /* Home.swift */ = {isa = PBXFileReference; lastKnownFileType = sourcecode.swift; path = Home.swift; sourceTree = "<group>"; };
/* End PBXFileReference section */

/* Begin PBXFrameworksBuildPhase section */
		8B23B3BD25597AD800EEA4B1 /* Frameworks */ = {
			isa = PBXFrameworksBuildPhase;
			buildActionMask = 2147483647;
			files = (
			);
			runOnlyForDeploymentPostprocessing = 0;
		};
/* End PBXFrameworksBuildPhase section */

/* Begin PBXGroup section */
		8B23B3B725597AD800EEA4B1 = {
			isa = PBXGroup;
			children = (
				8B23B3C225597AD800EEA4B1 /* ComplexCurve */,
				8B23B3C125597AD800EEA4B1 /* Products */,
			);
			sourceTree = "<group>";
		};
		8B23B3C125597AD800EEA4B1 /* Products */ = {
			isa = PBXGroup;
			children = (
				8B23B3C025597AD800EEA4B1 /* ComplexCurve.app */,
			);
			name = Products;
			sourceTree = "<group>";
		};
		8B23B3C225597AD800EEA4B1 /* ComplexCurve */ = {
			isa = PBXGroup;
			children = (
				8B23B3DB25597E8700EEA4B1 /* Model */,
				8B23B3DA25597E8000EEA4B1 /* ViewModel */,
				8B23B3D925597E7900EEA4B1 /* View */,
				8B23B3D825597E6000EEA4B1 /* PreviewContent */,
				8B23B3C325597AD800EEA4B1 /* AppDelegate.swift */,
				8B23B3C525597AD800EEA4B1 /* SceneDelegate.swift */,
				8B23B3C725597AD800EEA4B1 /* ContentView.swift */,
				8B23B3C925597AD900EEA4B1 /* Assets.xcassets */,
				8B23B3CE25597AD900EEA4B1 /* LaunchScreen.storyboard */,
				8B23B3D125597AD900EEA4B1 /* Info.plist */,
				8B23B3CB25597AD900EEA4B1 /* Preview Content */,
			);
			path = ComplexCurve;
			sourceTree = "<group>";
		};
		8B23B3CB25597AD900EEA4B1 /* Preview Content */ = {
			isa = PBXGroup;
			children = (
				8B23B3CC25597AD900EEA4B1 /* Preview Assets.xcassets */,
			);
			path = "Preview Content";
			sourceTree = "<group>";
		};
		8B23B3D825597E6000EEA4B1 /* PreviewContent */ = {
			isa = PBXGroup;
			children = (
			);
			path = PreviewContent;
			sourceTree = "<group>";
		};
		8B23B3D925597E7900EEA4B1 /* View */ = {
			isa = PBXGroup;
			children = (
				8B23B3E125597F5D00EEA4B1 /* Home.swift */,
			);
			path = View;
			sourceTree = "<group>";
		};
		8B23B3DA25597E8000EEA4B1 /* ViewModel */ = {
			isa = PBXGroup;
			children = (
			);
			path = ViewModel;
			sourceTree = "<group>";
		};
		8B23B3DB25597E8700EEA4B1 /* Model */ = {
			isa = PBXGroup;
			children = (
			);
			path = Model;
			sourceTree = "<group>";
		};
/* End PBXGroup section */

/* Begin PBXNativeTarget section */
		8B23B3BF25597AD800EEA4B1 /* ComplexCurve */ = {
			isa = PBXNativeTarget;
			buildConfigurationList = 8B23B3D425597AD900EEA4B1 /* Build configuration list for PBXNativeTarget "ComplexCurve" */;
			buildPhases = (
				8B23B3BC25597AD800EEA4B1 /* Sources */,
				8B23B3BD25597AD800EEA4B1 /* Frameworks */,
				8B23B3BE25597AD800EEA4B1 /* Resources */,
			);
			buildRules = (
			);
			dependencies = (
			);
			name = ComplexCurve;
			productName = ComplexCurve;
			productReference = 8B23B3C025597AD800EEA4B1 /* ComplexCurve.app */;
			productType = "com.apple.product-type.application";
		};
/* End PBXNativeTarget section */

/* Begin PBXProject section */
		8B23B3B825597AD800EEA4B1 /* Project object */ = {
			isa = PBXProject;
			attributes = {
				LastSwiftUpdateCheck = 1210;
				LastUpgradeCheck = 1210;
				TargetAttributes = {
					8B23B3BF25597AD800EEA4B1 = {
						CreatedOnToolsVersion = 12.1;
					};
				};
			};
			buildConfigurationList = 8B23B3BB25597AD800EEA4B1 /* Build configuration list for PBXProject "ComplexCurve" */;
			compatibilityVersion = "Xcode 9.3";
			developmentRegion = en;
			hasScannedForEncodings = 0;
			knownRegions = (
				en,
				Base,
			);
			mainGroup = 8B23B3B725597AD800EEA4B1;
			productRefGroup = 8B23B3C125597AD800EEA4B1 /* Products */;
			projectDirPath = "";
			projectRoot = "";
			targets = (
				8B23B3BF25597AD800EEA4B1 /* ComplexCurve */,
			);
		};
/* End PBXProject section */

/* Begin PBXResourcesBuildPhase section */
		8B23B3BE25597AD800EEA4B1 /* Resources */ = {
			isa = PBXResourcesBuildPhase;
			buildActionMask = 2147483647;
			files = (
				8B23B3D025597AD900EEA4B1 /* LaunchScreen.storyboard in Resources */,
				8B23B3CD25597AD900EEA4B1 /* Preview Assets.xcassets in Resources */,
				8B23B3CA25597AD900EEA4B1 /* Assets.xcassets in Resources */,
			);
			runOnlyForDeploymentPostprocessing = 0;
		};
/* End PBXResourcesBuildPhase section */

/* Begin PBXSourcesBuildPhase section */
		8B23B3BC25597AD800EEA4B1 /* Sources */ = {
			isa = PBXSourcesBuildPhase;
			buildActionMask = 2147483647;
			files = (
				8B23B3C425597AD800EEA4B1 /* AppDelegate.swift in Sources */,
				8B23B3C625597AD800EEA4B1 /* SceneDelegate.swift in Sources */,
				8B23B3E225597F5D00EEA4B1 /* Home.swift in Sources */,
				8B23B3C825597AD800EEA4B1 /* ContentView.swift in Sources */,
			);
			runOnlyForDeploymentPostprocessing = 0;
		};
/* End PBXSourcesBuildPhase section */

/* Begin PBXVariantGroup section */
		8B23B3CE25597AD900EEA4B1 /* LaunchScreen.storyboard */ = {
			isa = PBXVariantGroup;
			children = (
				8B23B3CF25597AD900EEA4B1 /* Base */,
			);
			name = LaunchScreen.storyboard;
			sourceTree = "<group>";
		};
/* End PBXVariantGroup section */

/* Begin XCBuildConfiguration section */
		8B23B3D225597AD900EEA4B1 /* Debug */ = {
			isa = XCBuildConfiguration;
			buildSettings = {
				ALWAYS_SEARCH_USER_PATHS = NO;
				CLANG_ANALYZER_NONNULL = YES;
				CLANG_ANALYZER_NUMBER_OBJECT_CONVERSION = YES_AGGRESSIVE;
				CLANG_CXX_LANGUAGE_STANDARD = "gnu++14";
				CLANG_CXX_LIBRARY = "libc++";
				CLANG_ENABLE_MODULES = YES;
				CLANG_ENABLE_OBJC_ARC = YES;
				CLANG_ENABLE_OBJC_WEAK = YES;
				CLANG_WARN_BLOCK_CAPTURE_AUTORELEASING = YES;
				CLANG_WARN_BOOL_CONVERSION = YES;
				CLANG_WARN_COMMA = YES;
				CLANG_WARN_CONSTANT_CONVERSION = YES;
				CLANG_WARN_DEPRECATED_OBJC_IMPLEMENTATIONS = YES;
				CLANG_WARN_DIRECT_OBJC_ISA_USAGE = YES_ERROR;
				CLANG_WARN_DOCUMENTATION_COMMENTS = YES;
				CLANG_WARN_EMPTY_BODY = YES;
				CLANG_WARN_ENUM_CONVERSION = YES;
				CLANG_WARN_INFINITE_RECURSION = YES;
				CLANG_WARN_INT_CONVERSION = YES;
				CLANG_WARN_NON_LITERAL_NULL_CONVERSION = YES;
				CLANG_WARN_OBJC_IMPLICIT_RETAIN_SELF = YES;
				CLANG_WARN_OBJC_LITERAL_CONVERSION = YES;
				CLANG_WARN_OBJC_ROOT_CLASS = YES_ERROR;
				CLANG_WARN_QUOTED_INCLUDE_IN_FRAMEWORK_HEADER = YES;
				CLANG_WARN_RANGE_LOOP_ANALYSIS = YES;
				CLANG_WARN_STRICT_PROTOTYPES = YES;
				CLANG_WARN_SUSPICIOUS_MOVE = YES;
				CLANG_WARN_UNGUARDED_AVAILABILITY = YES_AGGRESSIVE;
				CLANG_WARN_UNREACHABLE_CODE = YES;
				CLANG_WARN__DUPLICATE_METHOD_MATCH = YES;
				COPY_PHASE_STRIP = NO;
				DEBUG_INFORMATION_FORMAT = dwarf;
				ENABLE_STRICT_OBJC_MSGSEND = YES;
				ENABLE_TESTABILITY = YES;
				GCC_C_LANGUAGE_STANDARD = gnu11;
				GCC_DYNAMIC_NO_PIC = NO;
				GCC_NO_COMMON_BLOCKS = YES;
				GCC_OPTIMIZATION_LEVEL = 0;
				GCC_PREPROCESSOR_DEFINITIONS = (
					"DEBUG=1",
					"$(inherited)",
				);
				GCC_WARN_64_TO_32_BIT_CONVERSION = YES;
				GCC_WARN_ABOUT_RETURN_TYPE = YES_ERROR;
				GCC_WARN_UNDECLARED_SELECTOR = YES;
				GCC_WARN_UNINITIALIZED_AUTOS = YES_AGGRESSIVE;
				GCC_WARN_UNUSED_FUNCTION = YES;
				GCC_WARN_UNUSED_VARIABLE = YES;
				IPHONEOS_DEPLOYMENT_TARGET = 14.1;
				MTL_ENABLE_DEBUG_INFO = INCLUDE_SOURCE;
				MTL_FAST_MATH = YES;
				ONLY_ACTIVE_ARCH = YES;
				SDKROOT = iphoneos;
				SWIFT_ACTIVE_COMPILATION_CONDITIONS = DEBUG;
				SWIFT_OPTIMIZATION_LEVEL = "-Onone";
			};
			name = Debug;
		};
		8B23B3D325597AD900EEA4B1 /* Release */ = {
			isa = XCBuildConfiguration;
			buildSettings = {
				ALWAYS_SEARCH_USER_PATHS = NO;
				CLANG_ANALYZER_NONNULL = YES;
				CLANG_ANALYZER_NUMBER_OBJECT_CONVERSION = YES_AGGRESSIVE;
				CLANG_CXX_LANGUAGE_STANDARD = "gnu++14";
				CLANG_CXX_LIBRARY = "libc++";
				CLANG_ENABLE_MODULES = YES;
				CLANG_ENABLE_OBJC_ARC = YES;
				CLANG_ENABLE_OBJC_WEAK = YES;
				CLANG_WARN_BLOCK_CAPTURE_AUTORELEASING = YES;
				CLANG_WARN_BOOL_CONVERSION = YES;
				CLANG_WARN_COMMA = YES;
				CLANG_WARN_CONSTANT_CONVERSION = YES;
				CLANG_WARN_DEPRECATED_OBJC_IMPLEMENTATIONS = YES;
				CLANG_WARN_DIRECT_OBJC_ISA_USAGE = YES_ERROR;
				CLANG_WARN_DOCUMENTATION_COMMENTS = YES;
				CLANG_WARN_EMPTY_BODY = YES;
				CLANG_WARN_ENUM_CONVERSION = YES;
				CLANG_WARN_INFINITE_RECURSION = YES;
				CLANG_WARN_INT_CONVERSION = YES;
				CLANG_WARN_NON_LITERAL_NULL_CONVERSION = YES;
				CLANG_WARN_OBJC_IMPLICIT_RETAIN_SELF = YES;
				CLANG_WARN_OBJC_LITERAL_CONVERSION = YES;
				CLANG_WARN_OBJC_ROOT_CLASS = YES_ERROR;
				CLANG_WARN_QUOTED_INCLUDE_IN_FRAMEWORK_HEADER = YES;
				CLANG_WARN_RANGE_LOOP_ANALYSIS = YES;
				CLANG_WARN_STRICT_PROTOTYPES = YES;
				CLANG_WARN_SUSPICIOUS_MOVE = YES;
				CLANG_WARN_UNGUARDED_AVAILABILITY = YES_AGGRESSIVE;
				CLANG_WARN_UNREACHABLE_CODE = YES;
				CLANG_WARN__DUPLICATE_METHOD_MATCH = YES;
				COPY_PHASE_STRIP = NO;
				DEBUG_INFORMATION_FORMAT = "dwarf-with-dsym";
				ENABLE_NS_ASSERTIONS = NO;
				ENABLE_STRICT_OBJC_MSGSEND = YES;
				GCC_C_LANGUAGE_STANDARD = gnu11;
				GCC_NO_COMMON_BLOCKS = YES;
				GCC_WARN_64_TO_32_BIT_CONVERSION = YES;
				GCC_WARN_ABOUT_RETURN_TYPE = YES_ERROR;
				GCC_WARN_UNDECLARED_SELECTOR = YES;
				GCC_WARN_UNINITIALIZED_AUTOS = YES_AGGRESSIVE;
				GCC_WARN_UNUSED_FUNCTION = YES;
				GCC_WARN_UNUSED_VARIABLE = YES;
				IPHONEOS_DEPLOYMENT_TARGET = 14.1;
				MTL_ENABLE_DEBUG_INFO = NO;
				MTL_FAST_MATH = YES;
				SDKROOT = iphoneos;
				SWIFT_COMPILATION_MODE = wholemodule;
				SWIFT_OPTIMIZATION_LEVEL = "-O";
				VALIDATE_PRODUCT = YES;
			};
			name = Release;
		};
		8B23B3D525597AD900EEA4B1 /* Debug */ = {
			isa = XCBuildConfiguration;
			buildSettings = {
				ASSETCATALOG_COMPILER_APPICON_NAME = AppIcon;
				ASSETCATALOG_COMPILER_GLOBAL_ACCENT_COLOR_NAME = AccentColor;
				CODE_SIGN_STYLE = Automatic;
				DEVELOPMENT_ASSET_PATHS = "\"ComplexCurve/Preview Content\"";
				DEVELOPMENT_TEAM = CFZD9JCS8M;
				ENABLE_PREVIEWS = YES;
				INFOPLIST_FILE = ComplexCurve/Info.plist;
				LD_RUNPATH_SEARCH_PATHS = (
					"$(inherited)",
					"@executable_path/Frameworks",
				);
				PRODUCT_BUNDLE_IDENTIFIER = com.raywenderlich.ComplexCurve;
				PRODUCT_NAME = "$(TARGET_NAME)";
				SWIFT_VERSION = 5.0;
				TARGETED_DEVICE_FAMILY = "1,2";
			};
			name = Debug;
		};
		8B23B3D625597AD900EEA4B1 /* Release */ = {
			isa = XCBuildConfiguration;
			buildSettings = {
				ASSETCATALOG_COMPILER_APPICON_NAME = AppIcon;
				ASSETCATALOG_COMPILER_GLOBAL_ACCENT_COLOR_NAME = AccentColor;
				CODE_SIGN_STYLE = Automatic;
				DEVELOPMENT_ASSET_PATHS = "\"ComplexCurve/Preview Content\"";
				DEVELOPMENT_TEAM = CFZD9JCS8M;
				ENABLE_PREVIEWS = YES;
				INFOPLIST_FILE = ComplexCurve/Info.plist;
				LD_RUNPATH_SEARCH_PATHS = (
					"$(inherited)",
					"@executable_path/Frameworks",
				);
				PRODUCT_BUNDLE_IDENTIFIER = com.raywenderlich.ComplexCurve;
				PRODUCT_NAME = "$(TARGET_NAME)";
				SWIFT_VERSION = 5.0;
				TARGETED_DEVICE_FAMILY = "1,2";
			};
			name = Release;
		};
/* End XCBuildConfiguration section */

/* Begin XCConfigurationList section */
		8B23B3BB25597AD800EEA4B1 /* Build configuration list for PBXProject "ComplexCurve" */ = {
			isa = XCConfigurationList;
			buildConfigurations = (
				8B23B3D225597AD900EEA4B1 /* Debug */,
				8B23B3D325597AD900EEA4B1 /* Release */,
			);
			defaultConfigurationIsVisible = 0;
			defaultConfigurationName = Release;
		};
		8B23B3D425597AD900EEA4B1 /* Build configuration list for PBXNativeTarget "ComplexCurve" */ = {
			isa = XCConfigurationList;
			buildConfigurations = (
				8B23B3D525597AD900EEA4B1 /* Debug */,
				8B23B3D625597AD900EEA4B1 /* Release */,
			);
			defaultConfigurationIsVisible = 0;
			defaultConfigurationName = Release;
		};
/* End XCConfigurationList section */
	};
	rootObject = 8B23B3B825597AD800EEA4B1 /* Project object */;
}
